// !$*UTF8*$!
{
	archiveVersion = 1;
	classes = {
	};
	objectVersion = 56;
	objects = {

/* Begin PBXBuildFile section */
		113B0982B9FF4B3081CE545E /* Pods_hatimtakipapp.framework in Frameworks */ = {isa = PBXBuildFile; fileRef = E614CC2A881C10835FCE8E40 /* Pods_hatimtakipapp.framework */; };
		880A72CF2A97856800BA56AF /* RouterPage.swift in Sources */ = {isa = PBXBuildFile; fileRef = 880A72CE2A97856800BA56AF /* RouterPage.swift */; };
		8838E1C82A86B86D006BA389 /* SetUsernamePage.swift in Sources */ = {isa = PBXBuildFile; fileRef = 8838E1C72A86B86D006BA389 /* SetUsernamePage.swift */; };
		8838E1CE2A86C18E006BA389 /* GoogleService-Info.plist in Resources */ = {isa = PBXBuildFile; fileRef = 8838E1CD2A86C18E006BA389 /* GoogleService-Info.plist */; };
		8842F2A32A785E8D009F316D /* hatimtakipappApp.swift in Sources */ = {isa = PBXBuildFile; fileRef = 8842F2A22A785E8D009F316D /* hatimtakipappApp.swift */; };
		8842F2A52A785E8D009F316D /* LoginPage.swift in Sources */ = {isa = PBXBuildFile; fileRef = 8842F2A42A785E8D009F316D /* LoginPage.swift */; };
		8842F2A72A785E8F009F316D /* Assets.xcassets in Resources */ = {isa = PBXBuildFile; fileRef = 8842F2A62A785E8F009F316D /* Assets.xcassets */; };
		8842F2AA2A785E8F009F316D /* Preview Assets.xcassets in Resources */ = {isa = PBXBuildFile; fileRef = 8842F2A92A785E8F009F316D /* Preview Assets.xcassets */; };
		8842F2B42A785E90009F316D /* hatimtakipappTests.swift in Sources */ = {isa = PBXBuildFile; fileRef = 8842F2B32A785E90009F316D /* hatimtakipappTests.swift */; };
		8842F2BE2A785E90009F316D /* hatimtakipappUITests.swift in Sources */ = {isa = PBXBuildFile; fileRef = 8842F2BD2A785E90009F316D /* hatimtakipappUITests.swift */; };
		8842F2C02A785E90009F316D /* hatimtakipappUITestsLaunchTests.swift in Sources */ = {isa = PBXBuildFile; fileRef = 8842F2BF2A785E90009F316D /* hatimtakipappUITestsLaunchTests.swift */; };
		8843C0092A96465B0061ACC2 /* SignInPage.swift in Sources */ = {isa = PBXBuildFile; fileRef = 8843C0082A96465B0061ACC2 /* SignInPage.swift */; };
		884513022A80F44600127D72 /* MyDatabaseDelegate.swift in Sources */ = {isa = PBXBuildFile; fileRef = 884513012A80F44600127D72 /* MyDatabaseDelegate.swift */; };
		884513042A80F4B300127D72 /* MyAuthDelegate.swift in Sources */ = {isa = PBXBuildFile; fileRef = 884513032A80F4B300127D72 /* MyAuthDelegate.swift */; };
		884513082A81015D00127D72 /* GroupModel.swift in Sources */ = {isa = PBXBuildFile; fileRef = 884513072A81015D00127D72 /* GroupModel.swift */; };
		8845130A2A8102F100127D72 /* UserViewModel.swift in Sources */ = {isa = PBXBuildFile; fileRef = 884513092A8102F100127D72 /* UserViewModel.swift */; };
		884513112A81073D00127D72 /* FirebaseAnalytics in Frameworks */ = {isa = PBXBuildFile; productRef = 884513102A81073D00127D72 /* FirebaseAnalytics */; };
		884513132A81073D00127D72 /* FirebaseAnalyticsSwift in Frameworks */ = {isa = PBXBuildFile; productRef = 884513122A81073D00127D72 /* FirebaseAnalyticsSwift */; };
		884513152A81073D00127D72 /* FirebaseAuth in Frameworks */ = {isa = PBXBuildFile; productRef = 884513142A81073D00127D72 /* FirebaseAuth */; };
		884513172A81073D00127D72 /* FirebaseFirestore in Frameworks */ = {isa = PBXBuildFile; productRef = 884513162A81073D00127D72 /* FirebaseFirestore */; };
		884513192A81073D00127D72 /* FirebaseFirestoreCombine-Community in Frameworks */ = {isa = PBXBuildFile; productRef = 884513182A81073D00127D72 /* FirebaseFirestoreCombine-Community */; };
		8845131B2A81073D00127D72 /* FirebaseFirestoreSwift in Frameworks */ = {isa = PBXBuildFile; productRef = 8845131A2A81073D00127D72 /* FirebaseFirestoreSwift */; };
		8845131D2A81073D00127D72 /* FirebaseMessaging in Frameworks */ = {isa = PBXBuildFile; productRef = 8845131C2A81073D00127D72 /* FirebaseMessaging */; };
		886938FB2A9B7D9C00DD9644 /* HatimPartsModel.swift in Sources */ = {isa = PBXBuildFile; fileRef = 886938FA2A9B7D9B00DD9644 /* HatimPartsModel.swift */; };
		886938FF2A9CE48F00DD9644 /* PartsOfHatimView.swift in Sources */ = {isa = PBXBuildFile; fileRef = 886938FE2A9CE48F00DD9644 /* PartsOfHatimView.swift */; };
		8873CCAC2A78704800C18995 /* Header.swift in Sources */ = {isa = PBXBuildFile; fileRef = 8873CCAB2A78704800C18995 /* Header.swift */; };
		887E23E72A81268800E65C05 /* FirebaseAuthService.swift in Sources */ = {isa = PBXBuildFile; fileRef = 887E23E62A81268800E65C05 /* FirebaseAuthService.swift */; };
		887E23EB2A81B85900E65C05 /* FirestoreService.swift in Sources */ = {isa = PBXBuildFile; fileRef = 887E23EA2A81B85900E65C05 /* FirestoreService.swift */; };
		887E23ED2A81BD7200E65C05 /* ReadingViewModel.swift in Sources */ = {isa = PBXBuildFile; fileRef = 887E23EC2A81BD7200E65C05 /* ReadingViewModel.swift */; };
		887E794D2A791717007FFB1B /* TabviewPage.swift in Sources */ = {isa = PBXBuildFile; fileRef = 887E794C2A791717007FFB1B /* TabviewPage.swift */; };
		887E794F2A791953007FFB1B /* ReadingPage.swift in Sources */ = {isa = PBXBuildFile; fileRef = 887E794E2A791953007FFB1B /* ReadingPage.swift */; };
		887E79512A791AFA007FFB1B /* IncCountsPage.swift in Sources */ = {isa = PBXBuildFile; fileRef = 887E79502A791AFA007FFB1B /* IncCountsPage.swift */; };
		887E79532A791CB6007FFB1B /* ListsPage.swift in Sources */ = {isa = PBXBuildFile; fileRef = 887E79522A791CB6007FFB1B /* ListsPage.swift */; };
		887E79552A79273C007FFB1B /* CreateNewHatimPage.swift in Sources */ = {isa = PBXBuildFile; fileRef = 887E79542A79273C007FFB1B /* CreateNewHatimPage.swift */; };
		887E79572A795324007FFB1B /* AddUserToHatimPage.swift in Sources */ = {isa = PBXBuildFile; fileRef = 887E79562A795324007FFB1B /* AddUserToHatimPage.swift */; };
		887E79592A799125007FFB1B /* MyUser.swift in Sources */ = {isa = PBXBuildFile; fileRef = 887E79582A799125007FFB1B /* MyUser.swift */; };
		8899D4612A9F5C43001EBB6E /* partsOfHatimViewModel.swift in Sources */ = {isa = PBXBuildFile; fileRef = 8899D4602A9F5C43001EBB6E /* partsOfHatimViewModel.swift */; };
		8899D4642A9F790B001EBB6E /* SplitCuzTwoPartView.swift in Sources */ = {isa = PBXBuildFile; fileRef = 8899D4632A9F790B001EBB6E /* SplitCuzTwoPartView.swift */; };
		88C195562A93FA3800006F89 /* CustomButtonStyle.swift in Sources */ = {isa = PBXBuildFile; fileRef = 88C195552A93FA3800006F89 /* CustomButtonStyle.swift */; };
		B406843DDCB14694BE0DEB3F /* Pods_hatimtakipappTests.framework in Frameworks */ = {isa = PBXBuildFile; fileRef = 3EE699AD7933E559EA4D9616 /* Pods_hatimtakipappTests.framework */; };
		DB60E52E2B37DBE32950B17F /* Pods_hatimtakipapp_hatimtakipappUITests.framework in Frameworks */ = {isa = PBXBuildFile; fileRef = A56FD8E5EBC9493355AD6675 /* Pods_hatimtakipapp_hatimtakipappUITests.framework */; };
/* End PBXBuildFile section */

/* Begin PBXContainerItemProxy section */
		8842F2B02A785E90009F316D /* PBXContainerItemProxy */ = {
			isa = PBXContainerItemProxy;
			containerPortal = 8842F2972A785E8D009F316D /* Project object */;
			proxyType = 1;
			remoteGlobalIDString = 8842F29E2A785E8D009F316D;
			remoteInfo = hatimtakipapp;
		};
		8842F2BA2A785E90009F316D /* PBXContainerItemProxy */ = {
			isa = PBXContainerItemProxy;
			containerPortal = 8842F2972A785E8D009F316D /* Project object */;
			proxyType = 1;
			remoteGlobalIDString = 8842F29E2A785E8D009F316D;
			remoteInfo = hatimtakipapp;
		};
/* End PBXContainerItemProxy section */

/* Begin PBXFileReference section */
		10CBE25B8F205744D4009972 /* Pods-hatimtakipapp.debug.xcconfig */ = {isa = PBXFileReference; includeInIndex = 1; lastKnownFileType = text.xcconfig; name = "Pods-hatimtakipapp.debug.xcconfig"; path = "Target Support Files/Pods-hatimtakipapp/Pods-hatimtakipapp.debug.xcconfig"; sourceTree = "<group>"; };
		1BB5751B23E1AA7805439C30 /* Pods-hatimtakipapp.release.xcconfig */ = {isa = PBXFileReference; includeInIndex = 1; lastKnownFileType = text.xcconfig; name = "Pods-hatimtakipapp.release.xcconfig"; path = "Target Support Files/Pods-hatimtakipapp/Pods-hatimtakipapp.release.xcconfig"; sourceTree = "<group>"; };
		3EE699AD7933E559EA4D9616 /* Pods_hatimtakipappTests.framework */ = {isa = PBXFileReference; explicitFileType = wrapper.framework; includeInIndex = 0; path = Pods_hatimtakipappTests.framework; sourceTree = BUILT_PRODUCTS_DIR; };
		880A72CE2A97856800BA56AF /* RouterPage.swift */ = {isa = PBXFileReference; lastKnownFileType = sourcecode.swift; path = RouterPage.swift; sourceTree = "<group>"; };
		8838E1C72A86B86D006BA389 /* SetUsernamePage.swift */ = {isa = PBXFileReference; lastKnownFileType = sourcecode.swift; path = SetUsernamePage.swift; sourceTree = "<group>"; };
		8838E1CD2A86C18E006BA389 /* GoogleService-Info.plist */ = {isa = PBXFileReference; fileEncoding = 4; lastKnownFileType = text.plist.xml; name = "GoogleService-Info.plist"; path = "../../../../Downloads/GoogleService-Info.plist"; sourceTree = "<group>"; };
		8842F29F2A785E8D009F316D /* hatimtakipapp.app */ = {isa = PBXFileReference; explicitFileType = wrapper.application; includeInIndex = 0; path = hatimtakipapp.app; sourceTree = BUILT_PRODUCTS_DIR; };
		8842F2A22A785E8D009F316D /* hatimtakipappApp.swift */ = {isa = PBXFileReference; lastKnownFileType = sourcecode.swift; path = hatimtakipappApp.swift; sourceTree = "<group>"; };
		8842F2A42A785E8D009F316D /* LoginPage.swift */ = {isa = PBXFileReference; lastKnownFileType = sourcecode.swift; path = LoginPage.swift; sourceTree = "<group>"; };
		8842F2A62A785E8F009F316D /* Assets.xcassets */ = {isa = PBXFileReference; lastKnownFileType = folder.assetcatalog; path = Assets.xcassets; sourceTree = "<group>"; };
		8842F2A92A785E8F009F316D /* Preview Assets.xcassets */ = {isa = PBXFileReference; lastKnownFileType = folder.assetcatalog; path = "Preview Assets.xcassets"; sourceTree = "<group>"; };
		8842F2AF2A785E90009F316D /* hatimtakipappTests.xctest */ = {isa = PBXFileReference; explicitFileType = wrapper.cfbundle; includeInIndex = 0; path = hatimtakipappTests.xctest; sourceTree = BUILT_PRODUCTS_DIR; };
		8842F2B32A785E90009F316D /* hatimtakipappTests.swift */ = {isa = PBXFileReference; lastKnownFileType = sourcecode.swift; path = hatimtakipappTests.swift; sourceTree = "<group>"; };
		8842F2B92A785E90009F316D /* hatimtakipappUITests.xctest */ = {isa = PBXFileReference; explicitFileType = wrapper.cfbundle; includeInIndex = 0; path = hatimtakipappUITests.xctest; sourceTree = BUILT_PRODUCTS_DIR; };
		8842F2BD2A785E90009F316D /* hatimtakipappUITests.swift */ = {isa = PBXFileReference; lastKnownFileType = sourcecode.swift; path = hatimtakipappUITests.swift; sourceTree = "<group>"; };
		8842F2BF2A785E90009F316D /* hatimtakipappUITestsLaunchTests.swift */ = {isa = PBXFileReference; lastKnownFileType = sourcecode.swift; path = hatimtakipappUITestsLaunchTests.swift; sourceTree = "<group>"; };
		8843C0082A96465B0061ACC2 /* SignInPage.swift */ = {isa = PBXFileReference; lastKnownFileType = sourcecode.swift; path = SignInPage.swift; sourceTree = "<group>"; };
		884513012A80F44600127D72 /* MyDatabaseDelegate.swift */ = {isa = PBXFileReference; lastKnownFileType = sourcecode.swift; name = MyDatabaseDelegate.swift; path = hatimtakipapp/MyDatabaseDelegate.swift; sourceTree = SOURCE_ROOT; };
		884513032A80F4B300127D72 /* MyAuthDelegate.swift */ = {isa = PBXFileReference; lastKnownFileType = sourcecode.swift; name = MyAuthDelegate.swift; path = hatimtakipapp/MyAuthDelegate.swift; sourceTree = SOURCE_ROOT; };
		884513072A81015D00127D72 /* GroupModel.swift */ = {isa = PBXFileReference; lastKnownFileType = sourcecode.swift; path = GroupModel.swift; sourceTree = "<group>"; };
		884513092A8102F100127D72 /* UserViewModel.swift */ = {isa = PBXFileReference; lastKnownFileType = sourcecode.swift; name = UserViewModel.swift; path = hatimtakipapp/Models/UserViewModel.swift; sourceTree = SOURCE_ROOT; };
		886938FA2A9B7D9B00DD9644 /* HatimPartsModel.swift */ = {isa = PBXFileReference; lastKnownFileType = sourcecode.swift; path = HatimPartsModel.swift; sourceTree = "<group>"; };
		886938FE2A9CE48F00DD9644 /* PartsOfHatimView.swift */ = {isa = PBXFileReference; lastKnownFileType = sourcecode.swift; path = PartsOfHatimView.swift; sourceTree = "<group>"; };
		8873CCAB2A78704800C18995 /* Header.swift */ = {isa = PBXFileReference; lastKnownFileType = sourcecode.swift; path = Header.swift; sourceTree = "<group>"; };
		887E23E62A81268800E65C05 /* FirebaseAuthService.swift */ = {isa = PBXFileReference; lastKnownFileType = sourcecode.swift; name = FirebaseAuthService.swift; path = hatimtakipapp/Models/FirebaseAuthService.swift; sourceTree = SOURCE_ROOT; };
		887E23EA2A81B85900E65C05 /* FirestoreService.swift */ = {isa = PBXFileReference; lastKnownFileType = sourcecode.swift; name = FirestoreService.swift; path = hatimtakipapp/Views/FirestoreService.swift; sourceTree = SOURCE_ROOT; };
		887E23EC2A81BD7200E65C05 /* ReadingViewModel.swift */ = {isa = PBXFileReference; lastKnownFileType = sourcecode.swift; name = ReadingViewModel.swift; path = hatimtakipapp/Views/ReadingViewModel.swift; sourceTree = SOURCE_ROOT; };
		887E794C2A791717007FFB1B /* TabviewPage.swift */ = {isa = PBXFileReference; lastKnownFileType = sourcecode.swift; path = TabviewPage.swift; sourceTree = "<group>"; };
		887E794E2A791953007FFB1B /* ReadingPage.swift */ = {isa = PBXFileReference; lastKnownFileType = sourcecode.swift; path = ReadingPage.swift; sourceTree = "<group>"; };
		887E79502A791AFA007FFB1B /* IncCountsPage.swift */ = {isa = PBXFileReference; lastKnownFileType = sourcecode.swift; path = IncCountsPage.swift; sourceTree = "<group>"; };
		887E79522A791CB6007FFB1B /* ListsPage.swift */ = {isa = PBXFileReference; lastKnownFileType = sourcecode.swift; path = ListsPage.swift; sourceTree = "<group>"; };
		887E79542A79273C007FFB1B /* CreateNewHatimPage.swift */ = {isa = PBXFileReference; lastKnownFileType = sourcecode.swift; path = CreateNewHatimPage.swift; sourceTree = "<group>"; };
		887E79562A795324007FFB1B /* AddUserToHatimPage.swift */ = {isa = PBXFileReference; lastKnownFileType = sourcecode.swift; path = AddUserToHatimPage.swift; sourceTree = "<group>"; };
		887E79582A799125007FFB1B /* MyUser.swift */ = {isa = PBXFileReference; lastKnownFileType = sourcecode.swift; path = MyUser.swift; sourceTree = "<group>"; };
		8899D4602A9F5C43001EBB6E /* partsOfHatimViewModel.swift */ = {isa = PBXFileReference; lastKnownFileType = sourcecode.swift; name = partsOfHatimViewModel.swift; path = hatimtakipapp/Views/partsOfHatimViewModel.swift; sourceTree = SOURCE_ROOT; };
		8899D4632A9F790B001EBB6E /* SplitCuzTwoPartView.swift */ = {isa = PBXFileReference; lastKnownFileType = sourcecode.swift; path = SplitCuzTwoPartView.swift; sourceTree = "<group>"; };
		88C195552A93FA3800006F89 /* CustomButtonStyle.swift */ = {isa = PBXFileReference; lastKnownFileType = sourcecode.swift; path = CustomButtonStyle.swift; sourceTree = "<group>"; };
		891D9A58740902F428C1C2E8 /* Pods-hatimtakipapp-hatimtakipappUITests.debug.xcconfig */ = {isa = PBXFileReference; includeInIndex = 1; lastKnownFileType = text.xcconfig; name = "Pods-hatimtakipapp-hatimtakipappUITests.debug.xcconfig"; path = "Target Support Files/Pods-hatimtakipapp-hatimtakipappUITests/Pods-hatimtakipapp-hatimtakipappUITests.debug.xcconfig"; sourceTree = "<group>"; };
		99DBE11351FA229D6AC1A128 /* Pods-hatimtakipappTests.debug.xcconfig */ = {isa = PBXFileReference; includeInIndex = 1; lastKnownFileType = text.xcconfig; name = "Pods-hatimtakipappTests.debug.xcconfig"; path = "Target Support Files/Pods-hatimtakipappTests/Pods-hatimtakipappTests.debug.xcconfig"; sourceTree = "<group>"; };
		A56FD8E5EBC9493355AD6675 /* Pods_hatimtakipapp_hatimtakipappUITests.framework */ = {isa = PBXFileReference; explicitFileType = wrapper.framework; includeInIndex = 0; path = Pods_hatimtakipapp_hatimtakipappUITests.framework; sourceTree = BUILT_PRODUCTS_DIR; };
		DBD63B1733E7D5948E28B9AE /* Pods-hatimtakipappTests.release.xcconfig */ = {isa = PBXFileReference; includeInIndex = 1; lastKnownFileType = text.xcconfig; name = "Pods-hatimtakipappTests.release.xcconfig"; path = "Target Support Files/Pods-hatimtakipappTests/Pods-hatimtakipappTests.release.xcconfig"; sourceTree = "<group>"; };
		E53022807AD4511F82A26083 /* Pods-hatimtakipapp-hatimtakipappUITests.release.xcconfig */ = {isa = PBXFileReference; includeInIndex = 1; lastKnownFileType = text.xcconfig; name = "Pods-hatimtakipapp-hatimtakipappUITests.release.xcconfig"; path = "Target Support Files/Pods-hatimtakipapp-hatimtakipappUITests/Pods-hatimtakipapp-hatimtakipappUITests.release.xcconfig"; sourceTree = "<group>"; };
		E614CC2A881C10835FCE8E40 /* Pods_hatimtakipapp.framework */ = {isa = PBXFileReference; explicitFileType = wrapper.framework; includeInIndex = 0; path = Pods_hatimtakipapp.framework; sourceTree = BUILT_PRODUCTS_DIR; };
/* End PBXFileReference section */

/* Begin PBXFrameworksBuildPhase section */
		8842F29C2A785E8D009F316D /* Frameworks */ = {
			isa = PBXFrameworksBuildPhase;
			buildActionMask = 2147483647;
			files = (
				884513132A81073D00127D72 /* FirebaseAnalyticsSwift in Frameworks */,
				884513172A81073D00127D72 /* FirebaseFirestore in Frameworks */,
				8845131D2A81073D00127D72 /* FirebaseMessaging in Frameworks */,
				884513152A81073D00127D72 /* FirebaseAuth in Frameworks */,
				884513192A81073D00127D72 /* FirebaseFirestoreCombine-Community in Frameworks */,
				884513112A81073D00127D72 /* FirebaseAnalytics in Frameworks */,
				8845131B2A81073D00127D72 /* FirebaseFirestoreSwift in Frameworks */,
				113B0982B9FF4B3081CE545E /* Pods_hatimtakipapp.framework in Frameworks */,
			);
			runOnlyForDeploymentPostprocessing = 0;
		};
		8842F2AC2A785E90009F316D /* Frameworks */ = {
			isa = PBXFrameworksBuildPhase;
			buildActionMask = 2147483647;
			files = (
				B406843DDCB14694BE0DEB3F /* Pods_hatimtakipappTests.framework in Frameworks */,
			);
			runOnlyForDeploymentPostprocessing = 0;
		};
		8842F2B62A785E90009F316D /* Frameworks */ = {
			isa = PBXFrameworksBuildPhase;
			buildActionMask = 2147483647;
			files = (
				DB60E52E2B37DBE32950B17F /* Pods_hatimtakipapp_hatimtakipappUITests.framework in Frameworks */,
			);
			runOnlyForDeploymentPostprocessing = 0;
		};
/* End PBXFrameworksBuildPhase section */

/* Begin PBXGroup section */
		0FDE8DBDBB3B07D3261BEED4 /* Frameworks */ = {
			isa = PBXGroup;
			children = (
				E614CC2A881C10835FCE8E40 /* Pods_hatimtakipapp.framework */,
				A56FD8E5EBC9493355AD6675 /* Pods_hatimtakipapp_hatimtakipappUITests.framework */,
				3EE699AD7933E559EA4D9616 /* Pods_hatimtakipappTests.framework */,
			);
			name = Frameworks;
			sourceTree = "<group>";
		};
		4E6BC4C2A93BA9B7431564A1 /* Pods */ = {
			isa = PBXGroup;
			children = (
				10CBE25B8F205744D4009972 /* Pods-hatimtakipapp.debug.xcconfig */,
				1BB5751B23E1AA7805439C30 /* Pods-hatimtakipapp.release.xcconfig */,
				891D9A58740902F428C1C2E8 /* Pods-hatimtakipapp-hatimtakipappUITests.debug.xcconfig */,
				E53022807AD4511F82A26083 /* Pods-hatimtakipapp-hatimtakipappUITests.release.xcconfig */,
				99DBE11351FA229D6AC1A128 /* Pods-hatimtakipappTests.debug.xcconfig */,
				DBD63B1733E7D5948E28B9AE /* Pods-hatimtakipappTests.release.xcconfig */,
			);
			path = Pods;
			sourceTree = "<group>";
		};
		8842F2962A785E8D009F316D = {
			isa = PBXGroup;
			children = (
				8842F2A12A785E8D009F316D /* hatimtakipapp */,
				8842F2B22A785E90009F316D /* hatimtakipappTests */,
				8842F2BC2A785E90009F316D /* hatimtakipappUITests */,
				8842F2A02A785E8D009F316D /* Products */,
				4E6BC4C2A93BA9B7431564A1 /* Pods */,
				0FDE8DBDBB3B07D3261BEED4 /* Frameworks */,
			);
			sourceTree = "<group>";
		};
		8842F2A02A785E8D009F316D /* Products */ = {
			isa = PBXGroup;
			children = (
				8842F29F2A785E8D009F316D /* hatimtakipapp.app */,
				8842F2AF2A785E90009F316D /* hatimtakipappTests.xctest */,
				8842F2B92A785E90009F316D /* hatimtakipappUITests.xctest */,
			);
			name = Products;
			sourceTree = "<group>";
		};
		8842F2A12A785E8D009F316D /* hatimtakipapp */ = {
			isa = PBXGroup;
			children = (
				8873CCAA2A786FDE00C18995 /* Services */,
				8873CCA92A786FCF00C18995 /* Models */,
				8873CCA82A786FBD00C18995 /* ViewModels */,
				8873CCA72A786F9300C18995 /* Views */,
				8842F2A22A785E8D009F316D /* hatimtakipappApp.swift */,
				8838E1CD2A86C18E006BA389 /* GoogleService-Info.plist */,
				8842F2A62A785E8F009F316D /* Assets.xcassets */,
				8842F2A82A785E8F009F316D /* Preview Content */,
			);
			path = hatimtakipapp;
			sourceTree = "<group>";
		};
		8842F2A82A785E8F009F316D /* Preview Content */ = {
			isa = PBXGroup;
			children = (
				8842F2A92A785E8F009F316D /* Preview Assets.xcassets */,
			);
			path = "Preview Content";
			sourceTree = "<group>";
		};
		8842F2B22A785E90009F316D /* hatimtakipappTests */ = {
			isa = PBXGroup;
			children = (
				8842F2B32A785E90009F316D /* hatimtakipappTests.swift */,
			);
			path = hatimtakipappTests;
			sourceTree = "<group>";
		};
		8842F2BC2A785E90009F316D /* hatimtakipappUITests */ = {
			isa = PBXGroup;
			children = (
				8842F2BD2A785E90009F316D /* hatimtakipappUITests.swift */,
				8842F2BF2A785E90009F316D /* hatimtakipappUITestsLaunchTests.swift */,
			);
			path = hatimtakipappUITests;
			sourceTree = "<group>";
		};
		8873CCA72A786F9300C18995 /* Views */ = {
			isa = PBXGroup;
			children = (
				8899D4622A9F78A7001EBB6E /* CreateNewHatim */,
				8842F2A42A785E8D009F316D /* LoginPage.swift */,
				8873CCAB2A78704800C18995 /* Header.swift */,
				887E794C2A791717007FFB1B /* TabviewPage.swift */,
				887E794E2A791953007FFB1B /* ReadingPage.swift */,
				887E79502A791AFA007FFB1B /* IncCountsPage.swift */,
				887E79522A791CB6007FFB1B /* ListsPage.swift */,
				8838E1C72A86B86D006BA389 /* SetUsernamePage.swift */,
				88C195552A93FA3800006F89 /* CustomButtonStyle.swift */,
				8843C0082A96465B0061ACC2 /* SignInPage.swift */,
				880A72CE2A97856800BA56AF /* RouterPage.swift */,
			);
			path = Views;
			sourceTree = "<group>";
		};
		8873CCA82A786FBD00C18995 /* ViewModels */ = {
			isa = PBXGroup;
			children = (
				884513092A8102F100127D72 /* UserViewModel.swift */,
				887E23EC2A81BD7200E65C05 /* ReadingViewModel.swift */,
				8899D4602A9F5C43001EBB6E /* partsOfHatimViewModel.swift */,
			);
			path = ViewModels;
			sourceTree = "<group>";
		};
		8873CCA92A786FCF00C18995 /* Models */ = {
			isa = PBXGroup;
			children = (
				887E79582A799125007FFB1B /* MyUser.swift */,
				884513072A81015D00127D72 /* GroupModel.swift */,
				886938FA2A9B7D9B00DD9644 /* HatimPartsModel.swift */,
			);
			path = Models;
			sourceTree = "<group>";
		};
		8873CCAA2A786FDE00C18995 /* Services */ = {
			isa = PBXGroup;
			children = (
				884513012A80F44600127D72 /* MyDatabaseDelegate.swift */,
				884513032A80F4B300127D72 /* MyAuthDelegate.swift */,
				887E23E62A81268800E65C05 /* FirebaseAuthService.swift */,
				887E23EA2A81B85900E65C05 /* FirestoreService.swift */,
			);
			path = Services;
			sourceTree = "<group>";
		};
		8899D4622A9F78A7001EBB6E /* CreateNewHatim */ = {
			isa = PBXGroup;
			children = (
				887E79562A795324007FFB1B /* AddUserToHatimPage.swift */,
				887E79542A79273C007FFB1B /* CreateNewHatimPage.swift */,
				886938FE2A9CE48F00DD9644 /* PartsOfHatimView.swift */,
				8899D4632A9F790B001EBB6E /* SplitCuzTwoPartView.swift */,
			);
			name = CreateNewHatim;
			sourceTree = "<group>";
		};
/* End PBXGroup section */

/* Begin PBXNativeTarget section */
		8842F29E2A785E8D009F316D /* hatimtakipapp */ = {
			isa = PBXNativeTarget;
			buildConfigurationList = 8842F2C32A785E90009F316D /* Build configuration list for PBXNativeTarget "hatimtakipapp" */;
			buildPhases = (
				01D986AF34868E61D9030EE0 /* [CP] Check Pods Manifest.lock */,
				8842F29B2A785E8D009F316D /* Sources */,
				8842F29C2A785E8D009F316D /* Frameworks */,
				8842F29D2A785E8D009F316D /* Resources */,
				03051B90A011AE895F41D548 /* [CP] Embed Pods Frameworks */,
			);
			buildRules = (
			);
			dependencies = (
			);
			name = hatimtakipapp;
			packageProductDependencies = (
				884513102A81073D00127D72 /* FirebaseAnalytics */,
				884513122A81073D00127D72 /* FirebaseAnalyticsSwift */,
				884513142A81073D00127D72 /* FirebaseAuth */,
				884513162A81073D00127D72 /* FirebaseFirestore */,
				884513182A81073D00127D72 /* FirebaseFirestoreCombine-Community */,
				8845131A2A81073D00127D72 /* FirebaseFirestoreSwift */,
				8845131C2A81073D00127D72 /* FirebaseMessaging */,
			);
			productName = hatimtakipapp;
			productReference = 8842F29F2A785E8D009F316D /* hatimtakipapp.app */;
			productType = "com.apple.product-type.application";
		};
		8842F2AE2A785E90009F316D /* hatimtakipappTests */ = {
			isa = PBXNativeTarget;
			buildConfigurationList = 8842F2C62A785E90009F316D /* Build configuration list for PBXNativeTarget "hatimtakipappTests" */;
			buildPhases = (
				155686815FBEAAD2DB85D6E6 /* [CP] Check Pods Manifest.lock */,
				8842F2AB2A785E90009F316D /* Sources */,
				8842F2AC2A785E90009F316D /* Frameworks */,
				8842F2AD2A785E90009F316D /* Resources */,
			);
			buildRules = (
			);
			dependencies = (
				8842F2B12A785E90009F316D /* PBXTargetDependency */,
			);
			name = hatimtakipappTests;
			productName = hatimtakipappTests;
			productReference = 8842F2AF2A785E90009F316D /* hatimtakipappTests.xctest */;
			productType = "com.apple.product-type.bundle.unit-test";
		};
		8842F2B82A785E90009F316D /* hatimtakipappUITests */ = {
			isa = PBXNativeTarget;
			buildConfigurationList = 8842F2C92A785E90009F316D /* Build configuration list for PBXNativeTarget "hatimtakipappUITests" */;
			buildPhases = (
				4F962F9B3C62CDB54C903811 /* [CP] Check Pods Manifest.lock */,
				8842F2B52A785E90009F316D /* Sources */,
				8842F2B62A785E90009F316D /* Frameworks */,
				8842F2B72A785E90009F316D /* Resources */,
				4060A3DAEDA02CFC4CBEB706 /* [CP] Embed Pods Frameworks */,
			);
			buildRules = (
			);
			dependencies = (
				8842F2BB2A785E90009F316D /* PBXTargetDependency */,
			);
			name = hatimtakipappUITests;
			productName = hatimtakipappUITests;
			productReference = 8842F2B92A785E90009F316D /* hatimtakipappUITests.xctest */;
			productType = "com.apple.product-type.bundle.ui-testing";
		};
/* End PBXNativeTarget section */

/* Begin PBXProject section */
		8842F2972A785E8D009F316D /* Project object */ = {
			isa = PBXProject;
			attributes = {
				BuildIndependentTargetsInParallel = 1;
				LastSwiftUpdateCheck = 1430;
				LastUpgradeCheck = 1430;
				TargetAttributes = {
					8842F29E2A785E8D009F316D = {
						CreatedOnToolsVersion = 14.3.1;
					};
					8842F2AE2A785E90009F316D = {
						CreatedOnToolsVersion = 14.3.1;
						TestTargetID = 8842F29E2A785E8D009F316D;
					};
					8842F2B82A785E90009F316D = {
						CreatedOnToolsVersion = 14.3.1;
						TestTargetID = 8842F29E2A785E8D009F316D;
					};
				};
			};
			buildConfigurationList = 8842F29A2A785E8D009F316D /* Build configuration list for PBXProject "hatimtakipapp" */;
			compatibilityVersion = "Xcode 14.0";
			developmentRegion = en;
			hasScannedForEncodings = 0;
			knownRegions = (
				en,
				Base,
			);
			mainGroup = 8842F2962A785E8D009F316D;
			packageReferences = (
				8845130F2A81073D00127D72 /* XCRemoteSwiftPackageReference "firebase-ios-sdk" */,
			);
			productRefGroup = 8842F2A02A785E8D009F316D /* Products */;
			projectDirPath = "";
			projectRoot = "";
			targets = (
				8842F29E2A785E8D009F316D /* hatimtakipapp */,
				8842F2AE2A785E90009F316D /* hatimtakipappTests */,
				8842F2B82A785E90009F316D /* hatimtakipappUITests */,
			);
		};
/* End PBXProject section */

/* Begin PBXResourcesBuildPhase section */
		8842F29D2A785E8D009F316D /* Resources */ = {
			isa = PBXResourcesBuildPhase;
			buildActionMask = 2147483647;
			files = (
				8842F2AA2A785E8F009F316D /* Preview Assets.xcassets in Resources */,
				8842F2A72A785E8F009F316D /* Assets.xcassets in Resources */,
				8838E1CE2A86C18E006BA389 /* GoogleService-Info.plist in Resources */,
			);
			runOnlyForDeploymentPostprocessing = 0;
		};
		8842F2AD2A785E90009F316D /* Resources */ = {
			isa = PBXResourcesBuildPhase;
			buildActionMask = 2147483647;
			files = (
			);
			runOnlyForDeploymentPostprocessing = 0;
		};
		8842F2B72A785E90009F316D /* Resources */ = {
			isa = PBXResourcesBuildPhase;
			buildActionMask = 2147483647;
			files = (
			);
			runOnlyForDeploymentPostprocessing = 0;
		};
/* End PBXResourcesBuildPhase section */

/* Begin PBXShellScriptBuildPhase section */
		01D986AF34868E61D9030EE0 /* [CP] Check Pods Manifest.lock */ = {
			isa = PBXShellScriptBuildPhase;
			buildActionMask = 2147483647;
			files = (
			);
			inputFileListPaths = (
			);
			inputPaths = (
				"${PODS_PODFILE_DIR_PATH}/Podfile.lock",
				"${PODS_ROOT}/Manifest.lock",
			);
			name = "[CP] Check Pods Manifest.lock";
			outputFileListPaths = (
			);
			outputPaths = (
				"$(DERIVED_FILE_DIR)/Pods-hatimtakipapp-checkManifestLockResult.txt",
			);
			runOnlyForDeploymentPostprocessing = 0;
			shellPath = /bin/sh;
			shellScript = "diff \"${PODS_PODFILE_DIR_PATH}/Podfile.lock\" \"${PODS_ROOT}/Manifest.lock\" > /dev/null\nif [ $? != 0 ] ; then\n    # print error to STDERR\n    echo \"error: The sandbox is not in sync with the Podfile.lock. Run 'pod install' or update your CocoaPods installation.\" >&2\n    exit 1\nfi\n# This output is used by Xcode 'outputs' to avoid re-running this script phase.\necho \"SUCCESS\" > \"${SCRIPT_OUTPUT_FILE_0}\"\n";
			showEnvVarsInLog = 0;
		};
		03051B90A011AE895F41D548 /* [CP] Embed Pods Frameworks */ = {
			isa = PBXShellScriptBuildPhase;
			buildActionMask = 2147483647;
			files = (
			);
			inputFileListPaths = (
				"${PODS_ROOT}/Target Support Files/Pods-hatimtakipapp/Pods-hatimtakipapp-frameworks-${CONFIGURATION}-input-files.xcfilelist",
			);
			name = "[CP] Embed Pods Frameworks";
			outputFileListPaths = (
				"${PODS_ROOT}/Target Support Files/Pods-hatimtakipapp/Pods-hatimtakipapp-frameworks-${CONFIGURATION}-output-files.xcfilelist",
			);
			runOnlyForDeploymentPostprocessing = 0;
			shellPath = /bin/sh;
			shellScript = "\"${PODS_ROOT}/Target Support Files/Pods-hatimtakipapp/Pods-hatimtakipapp-frameworks.sh\"\n";
			showEnvVarsInLog = 0;
		};
		155686815FBEAAD2DB85D6E6 /* [CP] Check Pods Manifest.lock */ = {
			isa = PBXShellScriptBuildPhase;
			buildActionMask = 2147483647;
			files = (
			);
			inputFileListPaths = (
			);
			inputPaths = (
				"${PODS_PODFILE_DIR_PATH}/Podfile.lock",
				"${PODS_ROOT}/Manifest.lock",
			);
			name = "[CP] Check Pods Manifest.lock";
			outputFileListPaths = (
			);
			outputPaths = (
				"$(DERIVED_FILE_DIR)/Pods-hatimtakipappTests-checkManifestLockResult.txt",
			);
			runOnlyForDeploymentPostprocessing = 0;
			shellPath = /bin/sh;
			shellScript = "diff \"${PODS_PODFILE_DIR_PATH}/Podfile.lock\" \"${PODS_ROOT}/Manifest.lock\" > /dev/null\nif [ $? != 0 ] ; then\n    # print error to STDERR\n    echo \"error: The sandbox is not in sync with the Podfile.lock. Run 'pod install' or update your CocoaPods installation.\" >&2\n    exit 1\nfi\n# This output is used by Xcode 'outputs' to avoid re-running this script phase.\necho \"SUCCESS\" > \"${SCRIPT_OUTPUT_FILE_0}\"\n";
			showEnvVarsInLog = 0;
		};
		4060A3DAEDA02CFC4CBEB706 /* [CP] Embed Pods Frameworks */ = {
			isa = PBXShellScriptBuildPhase;
			buildActionMask = 2147483647;
			files = (
			);
			inputFileListPaths = (
				"${PODS_ROOT}/Target Support Files/Pods-hatimtakipapp-hatimtakipappUITests/Pods-hatimtakipapp-hatimtakipappUITests-frameworks-${CONFIGURATION}-input-files.xcfilelist",
			);
			name = "[CP] Embed Pods Frameworks";
			outputFileListPaths = (
				"${PODS_ROOT}/Target Support Files/Pods-hatimtakipapp-hatimtakipappUITests/Pods-hatimtakipapp-hatimtakipappUITests-frameworks-${CONFIGURATION}-output-files.xcfilelist",
			);
			runOnlyForDeploymentPostprocessing = 0;
			shellPath = /bin/sh;
			shellScript = "\"${PODS_ROOT}/Target Support Files/Pods-hatimtakipapp-hatimtakipappUITests/Pods-hatimtakipapp-hatimtakipappUITests-frameworks.sh\"\n";
			showEnvVarsInLog = 0;
		};
		4F962F9B3C62CDB54C903811 /* [CP] Check Pods Manifest.lock */ = {
			isa = PBXShellScriptBuildPhase;
			buildActionMask = 2147483647;
			files = (
			);
			inputFileListPaths = (
			);
			inputPaths = (
				"${PODS_PODFILE_DIR_PATH}/Podfile.lock",
				"${PODS_ROOT}/Manifest.lock",
			);
			name = "[CP] Check Pods Manifest.lock";
			outputFileListPaths = (
			);
			outputPaths = (
				"$(DERIVED_FILE_DIR)/Pods-hatimtakipapp-hatimtakipappUITests-checkManifestLockResult.txt",
			);
			runOnlyForDeploymentPostprocessing = 0;
			shellPath = /bin/sh;
			shellScript = "diff \"${PODS_PODFILE_DIR_PATH}/Podfile.lock\" \"${PODS_ROOT}/Manifest.lock\" > /dev/null\nif [ $? != 0 ] ; then\n    # print error to STDERR\n    echo \"error: The sandbox is not in sync with the Podfile.lock. Run 'pod install' or update your CocoaPods installation.\" >&2\n    exit 1\nfi\n# This output is used by Xcode 'outputs' to avoid re-running this script phase.\necho \"SUCCESS\" > \"${SCRIPT_OUTPUT_FILE_0}\"\n";
			showEnvVarsInLog = 0;
		};
/* End PBXShellScriptBuildPhase section */

/* Begin PBXSourcesBuildPhase section */
		8842F29B2A785E8D009F316D /* Sources */ = {
			isa = PBXSourcesBuildPhase;
			buildActionMask = 2147483647;
			files = (
				887E79592A799125007FFB1B /* MyUser.swift in Sources */,
				8842F2A52A785E8D009F316D /* LoginPage.swift in Sources */,
				88C195562A93FA3800006F89 /* CustomButtonStyle.swift in Sources */,
				887E79512A791AFA007FFB1B /* IncCountsPage.swift in Sources */,
				8899D4612A9F5C43001EBB6E /* partsOfHatimViewModel.swift in Sources */,
				886938FB2A9B7D9C00DD9644 /* HatimPartsModel.swift in Sources */,
				887E79532A791CB6007FFB1B /* ListsPage.swift in Sources */,
				880A72CF2A97856800BA56AF /* RouterPage.swift in Sources */,
				886938FF2A9CE48F00DD9644 /* PartsOfHatimView.swift in Sources */,
				887E79572A795324007FFB1B /* AddUserToHatimPage.swift in Sources */,
				8845130A2A8102F100127D72 /* UserViewModel.swift in Sources */,
				884513022A80F44600127D72 /* MyDatabaseDelegate.swift in Sources */,
				8838E1C82A86B86D006BA389 /* SetUsernamePage.swift in Sources */,
				884513042A80F4B300127D72 /* MyAuthDelegate.swift in Sources */,
				887E79552A79273C007FFB1B /* CreateNewHatimPage.swift in Sources */,
				8843C0092A96465B0061ACC2 /* SignInPage.swift in Sources */,
				887E23EB2A81B85900E65C05 /* FirestoreService.swift in Sources */,
				8873CCAC2A78704800C18995 /* Header.swift in Sources */,
				887E23E72A81268800E65C05 /* FirebaseAuthService.swift in Sources */,
				884513082A81015D00127D72 /* GroupModel.swift in Sources */,
				8899D4642A9F790B001EBB6E /* SplitCuzTwoPartView.swift in Sources */,
				8842F2A32A785E8D009F316D /* hatimtakipappApp.swift in Sources */,
				887E794D2A791717007FFB1B /* TabviewPage.swift in Sources */,
				887E794F2A791953007FFB1B /* ReadingPage.swift in Sources */,
				887E23ED2A81BD7200E65C05 /* ReadingViewModel.swift in Sources */,
			);
			runOnlyForDeploymentPostprocessing = 0;
		};
		8842F2AB2A785E90009F316D /* Sources */ = {
			isa = PBXSourcesBuildPhase;
			buildActionMask = 2147483647;
			files = (
				8842F2B42A785E90009F316D /* hatimtakipappTests.swift in Sources */,
			);
			runOnlyForDeploymentPostprocessing = 0;
		};
		8842F2B52A785E90009F316D /* Sources */ = {
			isa = PBXSourcesBuildPhase;
			buildActionMask = 2147483647;
			files = (
				8842F2C02A785E90009F316D /* hatimtakipappUITestsLaunchTests.swift in Sources */,
				8842F2BE2A785E90009F316D /* hatimtakipappUITests.swift in Sources */,
			);
			runOnlyForDeploymentPostprocessing = 0;
		};
/* End PBXSourcesBuildPhase section */

/* Begin PBXTargetDependency section */
		8842F2B12A785E90009F316D /* PBXTargetDependency */ = {
			isa = PBXTargetDependency;
			target = 8842F29E2A785E8D009F316D /* hatimtakipapp */;
			targetProxy = 8842F2B02A785E90009F316D /* PBXContainerItemProxy */;
		};
		8842F2BB2A785E90009F316D /* PBXTargetDependency */ = {
			isa = PBXTargetDependency;
			target = 8842F29E2A785E8D009F316D /* hatimtakipapp */;
			targetProxy = 8842F2BA2A785E90009F316D /* PBXContainerItemProxy */;
		};
/* End PBXTargetDependency section */

/* Begin XCBuildConfiguration section */
		8842F2C12A785E90009F316D /* Debug */ = {
			isa = XCBuildConfiguration;
			buildSettings = {
				ALWAYS_SEARCH_USER_PATHS = NO;
				CLANG_ANALYZER_NONNULL = YES;
				CLANG_ANALYZER_NUMBER_OBJECT_CONVERSION = YES_AGGRESSIVE;
				CLANG_CXX_LANGUAGE_STANDARD = "gnu++20";
				CLANG_ENABLE_MODULES = YES;
				CLANG_ENABLE_OBJC_ARC = YES;
				CLANG_ENABLE_OBJC_WEAK = YES;
				CLANG_WARN_BLOCK_CAPTURE_AUTORELEASING = YES;
				CLANG_WARN_BOOL_CONVERSION = YES;
				CLANG_WARN_COMMA = YES;
				CLANG_WARN_CONSTANT_CONVERSION = YES;
				CLANG_WARN_DEPRECATED_OBJC_IMPLEMENTATIONS = YES;
				CLANG_WARN_DIRECT_OBJC_ISA_USAGE = YES_ERROR;
				CLANG_WARN_DOCUMENTATION_COMMENTS = YES;
				CLANG_WARN_EMPTY_BODY = YES;
				CLANG_WARN_ENUM_CONVERSION = YES;
				CLANG_WARN_INFINITE_RECURSION = YES;
				CLANG_WARN_INT_CONVERSION = YES;
				CLANG_WARN_NON_LITERAL_NULL_CONVERSION = YES;
				CLANG_WARN_OBJC_IMPLICIT_RETAIN_SELF = YES;
				CLANG_WARN_OBJC_LITERAL_CONVERSION = YES;
				CLANG_WARN_OBJC_ROOT_CLASS = YES_ERROR;
				CLANG_WARN_QUOTED_INCLUDE_IN_FRAMEWORK_HEADER = YES;
				CLANG_WARN_RANGE_LOOP_ANALYSIS = YES;
				CLANG_WARN_STRICT_PROTOTYPES = YES;
				CLANG_WARN_SUSPICIOUS_MOVE = YES;
				CLANG_WARN_UNGUARDED_AVAILABILITY = YES_AGGRESSIVE;
				CLANG_WARN_UNREACHABLE_CODE = YES;
				CLANG_WARN__DUPLICATE_METHOD_MATCH = YES;
				COPY_PHASE_STRIP = NO;
				DEBUG_INFORMATION_FORMAT = dwarf;
				ENABLE_STRICT_OBJC_MSGSEND = YES;
				ENABLE_TESTABILITY = YES;
				GCC_C_LANGUAGE_STANDARD = gnu11;
				GCC_DYNAMIC_NO_PIC = NO;
				GCC_NO_COMMON_BLOCKS = YES;
				GCC_OPTIMIZATION_LEVEL = 0;
				GCC_PREPROCESSOR_DEFINITIONS = (
					"DEBUG=1",
					"$(inherited)",
				);
				GCC_WARN_64_TO_32_BIT_CONVERSION = YES;
				GCC_WARN_ABOUT_RETURN_TYPE = YES_ERROR;
				GCC_WARN_UNDECLARED_SELECTOR = YES;
				GCC_WARN_UNINITIALIZED_AUTOS = YES_AGGRESSIVE;
				GCC_WARN_UNUSED_FUNCTION = YES;
				GCC_WARN_UNUSED_VARIABLE = YES;
				IPHONEOS_DEPLOYMENT_TARGET = 16.4;
				MTL_ENABLE_DEBUG_INFO = INCLUDE_SOURCE;
				MTL_FAST_MATH = YES;
				ONLY_ACTIVE_ARCH = YES;
				SDKROOT = iphoneos;
				SWIFT_ACTIVE_COMPILATION_CONDITIONS = DEBUG;
				SWIFT_OPTIMIZATION_LEVEL = "-Onone";
			};
			name = Debug;
		};
		8842F2C22A785E90009F316D /* Release */ = {
			isa = XCBuildConfiguration;
			buildSettings = {
				ALWAYS_SEARCH_USER_PATHS = NO;
				CLANG_ANALYZER_NONNULL = YES;
				CLANG_ANALYZER_NUMBER_OBJECT_CONVERSION = YES_AGGRESSIVE;
				CLANG_CXX_LANGUAGE_STANDARD = "gnu++20";
				CLANG_ENABLE_MODULES = YES;
				CLANG_ENABLE_OBJC_ARC = YES;
				CLANG_ENABLE_OBJC_WEAK = YES;
				CLANG_WARN_BLOCK_CAPTURE_AUTORELEASING = YES;
				CLANG_WARN_BOOL_CONVERSION = YES;
				CLANG_WARN_COMMA = YES;
				CLANG_WARN_CONSTANT_CONVERSION = YES;
				CLANG_WARN_DEPRECATED_OBJC_IMPLEMENTATIONS = YES;
				CLANG_WARN_DIRECT_OBJC_ISA_USAGE = YES_ERROR;
				CLANG_WARN_DOCUMENTATION_COMMENTS = YES;
				CLANG_WARN_EMPTY_BODY = YES;
				CLANG_WARN_ENUM_CONVERSION = YES;
				CLANG_WARN_INFINITE_RECURSION = YES;
				CLANG_WARN_INT_CONVERSION = YES;
				CLANG_WARN_NON_LITERAL_NULL_CONVERSION = YES;
				CLANG_WARN_OBJC_IMPLICIT_RETAIN_SELF = YES;
				CLANG_WARN_OBJC_LITERAL_CONVERSION = YES;
				CLANG_WARN_OBJC_ROOT_CLASS = YES_ERROR;
				CLANG_WARN_QUOTED_INCLUDE_IN_FRAMEWORK_HEADER = YES;
				CLANG_WARN_RANGE_LOOP_ANALYSIS = YES;
				CLANG_WARN_STRICT_PROTOTYPES = YES;
				CLANG_WARN_SUSPICIOUS_MOVE = YES;
				CLANG_WARN_UNGUARDED_AVAILABILITY = YES_AGGRESSIVE;
				CLANG_WARN_UNREACHABLE_CODE = YES;
				CLANG_WARN__DUPLICATE_METHOD_MATCH = YES;
				COPY_PHASE_STRIP = NO;
				DEBUG_INFORMATION_FORMAT = "dwarf-with-dsym";
				ENABLE_NS_ASSERTIONS = NO;
				ENABLE_STRICT_OBJC_MSGSEND = YES;
				GCC_C_LANGUAGE_STANDARD = gnu11;
				GCC_NO_COMMON_BLOCKS = YES;
				GCC_WARN_64_TO_32_BIT_CONVERSION = YES;
				GCC_WARN_ABOUT_RETURN_TYPE = YES_ERROR;
				GCC_WARN_UNDECLARED_SELECTOR = YES;
				GCC_WARN_UNINITIALIZED_AUTOS = YES_AGGRESSIVE;
				GCC_WARN_UNUSED_FUNCTION = YES;
				GCC_WARN_UNUSED_VARIABLE = YES;
				IPHONEOS_DEPLOYMENT_TARGET = 16.4;
				MTL_ENABLE_DEBUG_INFO = NO;
				MTL_FAST_MATH = YES;
				SDKROOT = iphoneos;
				SWIFT_COMPILATION_MODE = wholemodule;
				SWIFT_OPTIMIZATION_LEVEL = "-O";
				VALIDATE_PRODUCT = YES;
			};
			name = Release;
		};
		8842F2C42A785E90009F316D /* Debug */ = {
			isa = XCBuildConfiguration;
			baseConfigurationReference = 10CBE25B8F205744D4009972 /* Pods-hatimtakipapp.debug.xcconfig */;
			buildSettings = {
				ASSETCATALOG_COMPILER_APPICON_NAME = AppIcon;
				ASSETCATALOG_COMPILER_GLOBAL_ACCENT_COLOR_NAME = AccentColor;
				CODE_SIGN_STYLE = Automatic;
				CURRENT_PROJECT_VERSION = 1;
				DEVELOPMENT_ASSET_PATHS = "\"hatimtakipapp/Preview Content\"";
				DEVELOPMENT_TEAM = A7A8HH2XC3;
				ENABLE_PREVIEWS = YES;
				GENERATE_INFOPLIST_FILE = YES;
				INFOPLIST_KEY_UIApplicationSceneManifest_Generation = YES;
				INFOPLIST_KEY_UIApplicationSupportsIndirectInputEvents = YES;
				INFOPLIST_KEY_UILaunchScreen_Generation = YES;
				INFOPLIST_KEY_UISupportedInterfaceOrientations_iPad = "UIInterfaceOrientationPortrait UIInterfaceOrientationPortraitUpsideDown UIInterfaceOrientationLandscapeLeft UIInterfaceOrientationLandscapeRight";
				INFOPLIST_KEY_UISupportedInterfaceOrientations_iPhone = "UIInterfaceOrientationPortrait UIInterfaceOrientationLandscapeLeft UIInterfaceOrientationLandscapeRight";
				LD_RUNPATH_SEARCH_PATHS = (
					"$(inherited)",
					"@executable_path/Frameworks",
				);
				MARKETING_VERSION = 1.0;
				PRODUCT_BUNDLE_IDENTIFIER = kaplanglobal.hatimtakipapp;
				PRODUCT_NAME = "$(TARGET_NAME)";
				SWIFT_EMIT_LOC_STRINGS = YES;
				SWIFT_VERSION = 5.0;
				TARGETED_DEVICE_FAMILY = "1,2";
			};
			name = Debug;
		};
		8842F2C52A785E90009F316D /* Release */ = {
			isa = XCBuildConfiguration;
			baseConfigurationReference = 1BB5751B23E1AA7805439C30 /* Pods-hatimtakipapp.release.xcconfig */;
			buildSettings = {
				ASSETCATALOG_COMPILER_APPICON_NAME = AppIcon;
				ASSETCATALOG_COMPILER_GLOBAL_ACCENT_COLOR_NAME = AccentColor;
				CODE_SIGN_STYLE = Automatic;
				CURRENT_PROJECT_VERSION = 1;
				DEVELOPMENT_ASSET_PATHS = "\"hatimtakipapp/Preview Content\"";
				DEVELOPMENT_TEAM = A7A8HH2XC3;
				ENABLE_PREVIEWS = YES;
				GENERATE_INFOPLIST_FILE = YES;
				INFOPLIST_KEY_UIApplicationSceneManifest_Generation = YES;
				INFOPLIST_KEY_UIApplicationSupportsIndirectInputEvents = YES;
				INFOPLIST_KEY_UILaunchScreen_Generation = YES;
				INFOPLIST_KEY_UISupportedInterfaceOrientations_iPad = "UIInterfaceOrientationPortrait UIInterfaceOrientationPortraitUpsideDown UIInterfaceOrientationLandscapeLeft UIInterfaceOrientationLandscapeRight";
				INFOPLIST_KEY_UISupportedInterfaceOrientations_iPhone = "UIInterfaceOrientationPortrait UIInterfaceOrientationLandscapeLeft UIInterfaceOrientationLandscapeRight";
				LD_RUNPATH_SEARCH_PATHS = (
					"$(inherited)",
					"@executable_path/Frameworks",
				);
				MARKETING_VERSION = 1.0;
				PRODUCT_BUNDLE_IDENTIFIER = kaplanglobal.hatimtakipapp;
				PRODUCT_NAME = "$(TARGET_NAME)";
				SWIFT_EMIT_LOC_STRINGS = YES;
				SWIFT_VERSION = 5.0;
				TARGETED_DEVICE_FAMILY = "1,2";
			};
			name = Release;
		};
		8842F2C72A785E90009F316D /* Debug */ = {
			isa = XCBuildConfiguration;
			baseConfigurationReference = 99DBE11351FA229D6AC1A128 /* Pods-hatimtakipappTests.debug.xcconfig */;
			buildSettings = {
				ALWAYS_EMBED_SWIFT_STANDARD_LIBRARIES = YES;
				BUNDLE_LOADER = "$(TEST_HOST)";
				CODE_SIGN_STYLE = Automatic;
				CURRENT_PROJECT_VERSION = 1;
				DEVELOPMENT_TEAM = A7A8HH2XC3;
				GENERATE_INFOPLIST_FILE = YES;
				IPHONEOS_DEPLOYMENT_TARGET = 16.4;
				MARKETING_VERSION = 1.0;
				PRODUCT_BUNDLE_IDENTIFIER = kaplanglobal.hatimtakipappTests;
				PRODUCT_NAME = "$(TARGET_NAME)";
				SWIFT_EMIT_LOC_STRINGS = NO;
				SWIFT_VERSION = 5.0;
				TARGETED_DEVICE_FAMILY = "1,2";
				TEST_HOST = "$(BUILT_PRODUCTS_DIR)/hatimtakipapp.app/$(BUNDLE_EXECUTABLE_FOLDER_PATH)/hatimtakipapp";
			};
			name = Debug;
		};
		8842F2C82A785E90009F316D /* Release */ = {
			isa = XCBuildConfiguration;
			baseConfigurationReference = DBD63B1733E7D5948E28B9AE /* Pods-hatimtakipappTests.release.xcconfig */;
			buildSettings = {
				ALWAYS_EMBED_SWIFT_STANDARD_LIBRARIES = YES;
				BUNDLE_LOADER = "$(TEST_HOST)";
				CODE_SIGN_STYLE = Automatic;
				CURRENT_PROJECT_VERSION = 1;
				DEVELOPMENT_TEAM = A7A8HH2XC3;
				GENERATE_INFOPLIST_FILE = YES;
				IPHONEOS_DEPLOYMENT_TARGET = 16.4;
				MARKETING_VERSION = 1.0;
				PRODUCT_BUNDLE_IDENTIFIER = kaplanglobal.hatimtakipappTests;
				PRODUCT_NAME = "$(TARGET_NAME)";
				SWIFT_EMIT_LOC_STRINGS = NO;
				SWIFT_VERSION = 5.0;
				TARGETED_DEVICE_FAMILY = "1,2";
				TEST_HOST = "$(BUILT_PRODUCTS_DIR)/hatimtakipapp.app/$(BUNDLE_EXECUTABLE_FOLDER_PATH)/hatimtakipapp";
			};
			name = Release;
		};
		8842F2CA2A785E90009F316D /* Debug */ = {
			isa = XCBuildConfiguration;
			baseConfigurationReference = 891D9A58740902F428C1C2E8 /* Pods-hatimtakipapp-hatimtakipappUITests.debug.xcconfig */;
			buildSettings = {
				ALWAYS_EMBED_SWIFT_STANDARD_LIBRARIES = YES;
				CODE_SIGN_STYLE = Automatic;
				CURRENT_PROJECT_VERSION = 1;
				DEVELOPMENT_TEAM = A7A8HH2XC3;
				GENERATE_INFOPLIST_FILE = YES;
				MARKETING_VERSION = 1.0;
				PRODUCT_BUNDLE_IDENTIFIER = kaplanglobal.hatimtakipappUITests;
				PRODUCT_NAME = "$(TARGET_NAME)";
				SWIFT_EMIT_LOC_STRINGS = NO;
				SWIFT_VERSION = 5.0;
				TARGETED_DEVICE_FAMILY = "1,2";
				TEST_TARGET_NAME = hatimtakipapp;
			};
			name = Debug;
		};
		8842F2CB2A785E90009F316D /* Release */ = {
			isa = XCBuildConfiguration;
			baseConfigurationReference = E53022807AD4511F82A26083 /* Pods-hatimtakipapp-hatimtakipappUITests.release.xcconfig */;
			buildSettings = {
				ALWAYS_EMBED_SWIFT_STANDARD_LIBRARIES = YES;
				CODE_SIGN_STYLE = Automatic;
				CURRENT_PROJECT_VERSION = 1;
				DEVELOPMENT_TEAM = A7A8HH2XC3;
				GENERATE_INFOPLIST_FILE = YES;
				MARKETING_VERSION = 1.0;
				PRODUCT_BUNDLE_IDENTIFIER = kaplanglobal.hatimtakipappUITests;
				PRODUCT_NAME = "$(TARGET_NAME)";
				SWIFT_EMIT_LOC_STRINGS = NO;
				SWIFT_VERSION = 5.0;
				TARGETED_DEVICE_FAMILY = "1,2";
				TEST_TARGET_NAME = hatimtakipapp;
			};
			name = Release;
		};
/* End XCBuildConfiguration section */

/* Begin XCConfigurationList section */
		8842F29A2A785E8D009F316D /* Build configuration list for PBXProject "hatimtakipapp" */ = {
			isa = XCConfigurationList;
			buildConfigurations = (
				8842F2C12A785E90009F316D /* Debug */,
				8842F2C22A785E90009F316D /* Release */,
			);
			defaultConfigurationIsVisible = 0;
			defaultConfigurationName = Release;
		};
		8842F2C32A785E90009F316D /* Build configuration list for PBXNativeTarget "hatimtakipapp" */ = {
			isa = XCConfigurationList;
			buildConfigurations = (
				8842F2C42A785E90009F316D /* Debug */,
				8842F2C52A785E90009F316D /* Release */,
			);
			defaultConfigurationIsVisible = 0;
			defaultConfigurationName = Release;
		};
		8842F2C62A785E90009F316D /* Build configuration list for PBXNativeTarget "hatimtakipappTests" */ = {
			isa = XCConfigurationList;
			buildConfigurations = (
				8842F2C72A785E90009F316D /* Debug */,
				8842F2C82A785E90009F316D /* Release */,
			);
			defaultConfigurationIsVisible = 0;
			defaultConfigurationName = Release;
		};
		8842F2C92A785E90009F316D /* Build configuration list for PBXNativeTarget "hatimtakipappUITests" */ = {
			isa = XCConfigurationList;
			buildConfigurations = (
				8842F2CA2A785E90009F316D /* Debug */,
				8842F2CB2A785E90009F316D /* Release */,
			);
			defaultConfigurationIsVisible = 0;
			defaultConfigurationName = Release;
		};
/* End XCConfigurationList section */

/* Begin XCRemoteSwiftPackageReference section */
		8845130F2A81073D00127D72 /* XCRemoteSwiftPackageReference "firebase-ios-sdk" */ = {
			isa = XCRemoteSwiftPackageReference;
			repositoryURL = "https://github.com/firebase/firebase-ios-sdk";
			requirement = {
				kind = upToNextMajorVersion;
				minimumVersion = 10.0.0;
			};
		};
/* End XCRemoteSwiftPackageReference section */

/* Begin XCSwiftPackageProductDependency section */
		884513102A81073D00127D72 /* FirebaseAnalytics */ = {
			isa = XCSwiftPackageProductDependency;
			package = 8845130F2A81073D00127D72 /* XCRemoteSwiftPackageReference "firebase-ios-sdk" */;
			productName = FirebaseAnalytics;
		};
		884513122A81073D00127D72 /* FirebaseAnalyticsSwift */ = {
			isa = XCSwiftPackageProductDependency;
			package = 8845130F2A81073D00127D72 /* XCRemoteSwiftPackageReference "firebase-ios-sdk" */;
			productName = FirebaseAnalyticsSwift;
		};
		884513142A81073D00127D72 /* FirebaseAuth */ = {
			isa = XCSwiftPackageProductDependency;
			package = 8845130F2A81073D00127D72 /* XCRemoteSwiftPackageReference "firebase-ios-sdk" */;
			productName = FirebaseAuth;
		};
		884513162A81073D00127D72 /* FirebaseFirestore */ = {
			isa = XCSwiftPackageProductDependency;
			package = 8845130F2A81073D00127D72 /* XCRemoteSwiftPackageReference "firebase-ios-sdk" */;
			productName = FirebaseFirestore;
		};
		884513182A81073D00127D72 /* FirebaseFirestoreCombine-Community */ = {
			isa = XCSwiftPackageProductDependency;
			package = 8845130F2A81073D00127D72 /* XCRemoteSwiftPackageReference "firebase-ios-sdk" */;
			productName = "FirebaseFirestoreCombine-Community";
		};
		8845131A2A81073D00127D72 /* FirebaseFirestoreSwift */ = {
			isa = XCSwiftPackageProductDependency;
			package = 8845130F2A81073D00127D72 /* XCRemoteSwiftPackageReference "firebase-ios-sdk" */;
			productName = FirebaseFirestoreSwift;
		};
		8845131C2A81073D00127D72 /* FirebaseMessaging */ = {
			isa = XCSwiftPackageProductDependency;
			package = 8845130F2A81073D00127D72 /* XCRemoteSwiftPackageReference "firebase-ios-sdk" */;
			productName = FirebaseMessaging;
		};
/* End XCSwiftPackageProductDependency section */
	};
	rootObject = 8842F2972A785E8D009F316D /* Project object */;
}
